// !$*UTF8*$!
{
	archiveVersion = 1;
	classes = {
	};
	objectVersion = 48;
	objects = {

/* Begin PBXBuildFile section */
		3086322D205D10A400CB4A80 /* AppDelegate.swift in Sources */ = {isa = PBXBuildFile; fileRef = 3086322C205D10A400CB4A80 /* AppDelegate.swift */; };
		30863232205D10A400CB4A80 /* Main.storyboard in Resources */ = {isa = PBXBuildFile; fileRef = 30863230205D10A400CB4A80 /* Main.storyboard */; };
		30863235205D10A400CB4A80 /* Concentaraition.xcdatamodeld in Sources */ = {isa = PBXBuildFile; fileRef = 30863233205D10A400CB4A80 /* Concentaraition.xcdatamodeld */; };
		30863237205D10A400CB4A80 /* Assets.xcassets in Resources */ = {isa = PBXBuildFile; fileRef = 30863236205D10A400CB4A80 /* Assets.xcassets */; };
		3086323A205D10A400CB4A80 /* LaunchScreen.storyboard in Resources */ = {isa = PBXBuildFile; fileRef = 30863238205D10A400CB4A80 /* LaunchScreen.storyboard */; };
		30863242205D154E00CB4A80 /* EmojiPictures.swift in Sources */ = {isa = PBXBuildFile; fileRef = 30863241205D154E00CB4A80 /* EmojiPictures.swift */; };
		30863244205D35FE00CB4A80 /* Theme.swift in Sources */ = {isa = PBXBuildFile; fileRef = 30863243205D35FE00CB4A80 /* Theme.swift */; };
		30E2B2262068174400E03821 /* GameController.swift in Sources */ = {isa = PBXBuildFile; fileRef = 30E2B2252068174400E03821 /* GameController.swift */; };
		30EAF5C720680A560006DA97 /* Card.swift in Sources */ = {isa = PBXBuildFile; fileRef = 30EAF5C620680A560006DA97 /* Card.swift */; };
/* End PBXBuildFile section */

/* Begin PBXFileReference section */
		30863229205D10A400CB4A80 /* Concentaraition.app */ = {isa = PBXFileReference; explicitFileType = wrapper.application; includeInIndex = 0; path = Concentaraition.app; sourceTree = BUILT_PRODUCTS_DIR; };
		3086322C205D10A400CB4A80 /* AppDelegate.swift */ = {isa = PBXFileReference; lastKnownFileType = sourcecode.swift; path = AppDelegate.swift; sourceTree = "<group>"; };
		30863231205D10A400CB4A80 /* Base */ = {isa = PBXFileReference; lastKnownFileType = file.storyboard; name = Base; path = Base.lproj/Main.storyboard; sourceTree = "<group>"; };
		30863234205D10A400CB4A80 /* Concentaraition.xcdatamodel */ = {isa = PBXFileReference; lastKnownFileType = wrapper.xcdatamodel; path = Concentaraition.xcdatamodel; sourceTree = "<group>"; };
		30863236205D10A400CB4A80 /* Assets.xcassets */ = {isa = PBXFileReference; lastKnownFileType = folder.assetcatalog; path = Assets.xcassets; sourceTree = "<group>"; };
		30863239205D10A400CB4A80 /* Base */ = {isa = PBXFileReference; lastKnownFileType = file.storyboard; name = Base; path = Base.lproj/LaunchScreen.storyboard; sourceTree = "<group>"; };
		3086323B205D10A400CB4A80 /* Info.plist */ = {isa = PBXFileReference; lastKnownFileType = text.plist.xml; path = Info.plist; sourceTree = "<group>"; };
		30863241205D154E00CB4A80 /* EmojiPictures.swift */ = {isa = PBXFileReference; lastKnownFileType = sourcecode.swift; path = EmojiPictures.swift; sourceTree = "<group>"; };
		30863243205D35FE00CB4A80 /* Theme.swift */ = {isa = PBXFileReference; lastKnownFileType = sourcecode.swift; path = Theme.swift; sourceTree = "<group>"; };
		30E2B2252068174400E03821 /* GameController.swift */ = {isa = PBXFileReference; lastKnownFileType = sourcecode.swift; path = GameController.swift; sourceTree = "<group>"; };
		30E2B2272068EC2700E03821 /* README.md */ = {isa = PBXFileReference; lastKnownFileType = net.daringfireball.markdown; path = README.md; sourceTree = "<group>"; };
		30EAF5C620680A560006DA97 /* Card.swift */ = {isa = PBXFileReference; lastKnownFileType = sourcecode.swift; path = Card.swift; sourceTree = "<group>"; };
/* End PBXFileReference section */

/* Begin PBXFrameworksBuildPhase section */
		30863226205D10A400CB4A80 /* Frameworks */ = {
			isa = PBXFrameworksBuildPhase;
			buildActionMask = 2147483647;
			files = (
			);
			runOnlyForDeploymentPostprocessing = 0;
		};
/* End PBXFrameworksBuildPhase section */

/* Begin PBXGroup section */
		30863220205D10A400CB4A80 = {
			isa = PBXGroup;
			children = (
				30E2B2272068EC2700E03821 /* README.md */,
				3086322B205D10A400CB4A80 /* Concentaraition */,
				3086322A205D10A400CB4A80 /* Products */,
			);
			sourceTree = "<group>";
		};
		3086322A205D10A400CB4A80 /* Products */ = {
			isa = PBXGroup;
			children = (
				30863229205D10A400CB4A80 /* Concentaraition.app */,
			);
			name = Products;
			sourceTree = "<group>";
		};
		3086322B205D10A400CB4A80 /* Concentaraition */ = {
			isa = PBXGroup;
			children = (
				30E2B2252068174400E03821 /* GameController.swift */,
				3086322C205D10A400CB4A80 /* AppDelegate.swift */,
				30863230205D10A400CB4A80 /* Main.storyboard */,
				30863236205D10A400CB4A80 /* Assets.xcassets */,
				30863238205D10A400CB4A80 /* LaunchScreen.storyboard */,
				3086323B205D10A400CB4A80 /* Info.plist */,
				30863233205D10A400CB4A80 /* Concentaraition.xcdatamodeld */,
				30863241205D154E00CB4A80 /* EmojiPictures.swift */,
				30863243205D35FE00CB4A80 /* Theme.swift */,
				30EAF5C620680A560006DA97 /* Card.swift */,
			);
			path = Concentaraition;
			sourceTree = "<group>";
		};
/* End PBXGroup section */

/* Begin PBXNativeTarget section */
		30863228205D10A400CB4A80 /* Concentaraition */ = {
			isa = PBXNativeTarget;
			buildConfigurationList = 3086323E205D10A400CB4A80 /* Build configuration list for PBXNativeTarget "Concentaraition" */;
			buildPhases = (
				30863225205D10A400CB4A80 /* Sources */,
				30863226205D10A400CB4A80 /* Frameworks */,
				30863227205D10A400CB4A80 /* Resources */,
			);
			buildRules = (
			);
			dependencies = (
			);
			name = Concentaraition;
			productName = Concentaraition;
			productReference = 30863229205D10A400CB4A80 /* Concentaraition.app */;
			productType = "com.apple.product-type.application";
		};
/* End PBXNativeTarget section */

/* Begin PBXProject section */
		30863221205D10A400CB4A80 /* Project object */ = {
			isa = PBXProject;
			attributes = {
				LastSwiftUpdateCheck = 0920;
				LastUpgradeCheck = 0920;
				ORGANIZATIONNAME = "saeed rad";
				TargetAttributes = {
					30863228205D10A400CB4A80 = {
						CreatedOnToolsVersion = 9.2;
						ProvisioningStyle = Automatic;
					};
				};
			};
			buildConfigurationList = 30863224205D10A400CB4A80 /* Build configuration list for PBXProject "Concentaraition" */;
			compatibilityVersion = "Xcode 8.0";
			developmentRegion = en;
			hasScannedForEncodings = 0;
			knownRegions = (
				en,
				Base,
			);
			mainGroup = 30863220205D10A400CB4A80;
			productRefGroup = 3086322A205D10A400CB4A80 /* Products */;
			projectDirPath = "";
			projectRoot = "";
			targets = (
				30863228205D10A400CB4A80 /* Concentaraition */,
			);
		};
/* End PBXProject section */

/* Begin PBXResourcesBuildPhase section */
		30863227205D10A400CB4A80 /* Resources */ = {
			isa = PBXResourcesBuildPhase;
			buildActionMask = 2147483647;
			files = (
				3086323A205D10A400CB4A80 /* LaunchScreen.storyboard in Resources */,
				30863237205D10A400CB4A80 /* Assets.xcassets in Resources */,
				30863232205D10A400CB4A80 /* Main.storyboard in Resources */,
			);
			runOnlyForDeploymentPostprocessing = 0;
		};
/* End PBXResourcesBuildPhase section */

/* Begin PBXSourcesBuildPhase section */
		30863225205D10A400CB4A80 /* Sources */ = {
			isa = PBXSourcesBuildPhase;
			buildActionMask = 2147483647;
			files = (
				30863235205D10A400CB4A80 /* Concentaraition.xcdatamodeld in Sources */,
				30E2B2262068174400E03821 /* GameController.swift in Sources */,
				30EAF5C720680A560006DA97 /* Card.swift in Sources */,
				30863242205D154E00CB4A80 /* EmojiPictures.swift in Sources */,
				30863244205D35FE00CB4A80 /* Theme.swift in Sources */,
				3086322D205D10A400CB4A80 /* AppDelegate.swift in Sources */,
			);
			runOnlyForDeploymentPostprocessing = 0;
		};
/* End PBXSourcesBuildPhase section */

/* Begin PBXVariantGroup section */
		30863230205D10A400CB4A80 /* Main.storyboard */ = {
			isa = PBXVariantGroup;
			children = (
				30863231205D10A400CB4A80 /* Base */,
			);
			name = Main.storyboard;
			sourceTree = "<group>";
		};
		30863238205D10A400CB4A80 /* LaunchScreen.storyboard */ = {
			isa = PBXVariantGroup;
			children = (
				30863239205D10A400CB4A80 /* Base */,
			);
			name = LaunchScreen.storyboard;
			sourceTree = "<group>";
		};
/* End PBXVariantGroup section */

/* Begin XCBuildConfiguration section */
		3086323C205D10A400CB4A80 /* Debug */ = {
			isa = XCBuildConfiguration;
			buildSettings = {
				ALWAYS_SEARCH_USER_PATHS = NO;
				CLANG_ANALYZER_NONNULL = YES;
				CLANG_ANALYZER_NUMBER_OBJECT_CONVERSION = YES_AGGRESSIVE;
				CLANG_CXX_LANGUAGE_STANDARD = "gnu++14";
				CLANG_CXX_LIBRARY = "libc++";
				CLANG_ENABLE_MODULES = YES;
				CLANG_ENABLE_OBJC_ARC = YES;
				CLANG_WARN_BLOCK_CAPTURE_AUTORELEASING = YES;
				CLANG_WARN_BOOL_CONVERSION = YES;
				CLANG_WARN_COMMA = YES;
				CLANG_WARN_CONSTANT_CONVERSION = YES;
				CLANG_WARN_DIRECT_OBJC_ISA_USAGE = YES_ERROR;
				CLANG_WARN_DOCUMENTATION_COMMENTS = YES;
				CLANG_WARN_EMPTY_BODY = YES;
				CLANG_WARN_ENUM_CONVERSION = YES;
				CLANG_WARN_INFINITE_RECURSION = YES;
				CLANG_WARN_INT_CONVERSION = YES;
				CLANG_WARN_NON_LITERAL_NULL_CONVERSION = YES;
				CLANG_WARN_OBJC_LITERAL_CONVERSION = YES;
				CLANG_WARN_OBJC_ROOT_CLASS = YES_ERROR;
				CLANG_WARN_RANGE_LOOP_ANALYSIS = YES;
				CLANG_WARN_STRICT_PROTOTYPES = YES;
				CLANG_WARN_SUSPICIOUS_MOVE = YES;
				CLANG_WARN_UNGUARDED_AVAILABILITY = YES_AGGRESSIVE;
				CLANG_WARN_UNREACHABLE_CODE = YES;
				CLANG_WARN__DUPLICATE_METHOD_MATCH = YES;
				CODE_SIGN_IDENTITY = "iPhone Developer";
				COPY_PHASE_STRIP = NO;
				DEBUG_INFORMATION_FORMAT = dwarf;
				ENABLE_STRICT_OBJC_MSGSEND = YES;
				ENABLE_TESTABILITY = YES;
				GCC_C_LANGUAGE_STANDARD = gnu11;
				GCC_DYNAMIC_NO_PIC = NO;
				GCC_NO_COMMON_BLOCKS = YES;
				GCC_OPTIMIZATION_LEVEL = 0;
				GCC_PREPROCESSOR_DEFINITIONS = (
					"DEBUG=1",
					"$(inherited)",
				);
				GCC_WARN_64_TO_32_BIT_CONVERSION = YES;
				GCC_WARN_ABOUT_RETURN_TYPE = YES_ERROR;
				GCC_WARN_UNDECLARED_SELECTOR = YES;
				GCC_WARN_UNINITIALIZED_AUTOS = YES_AGGRESSIVE;
				GCC_WARN_UNUSED_FUNCTION = YES;
				GCC_WARN_UNUSED_VARIABLE = YES;
				IPHONEOS_DEPLOYMENT_TARGET = 11.2;
				MTL_ENABLE_DEBUG_INFO = YES;
				ONLY_ACTIVE_ARCH = YES;
				SDKROOT = iphoneos;
				SWIFT_ACTIVE_COMPILATION_CONDITIONS = DEBUG;
				SWIFT_OPTIMIZATION_LEVEL = "-Onone";
			};
			name = Debug;
		};
		3086323D205D10A400CB4A80 /* Release */ = {
			isa = XCBuildConfiguration;
			buildSettings = {
				ALWAYS_SEARCH_USER_PATHS = NO;
				CLANG_ANALYZER_NONNULL = YES;
				CLANG_ANALYZER_NUMBER_OBJECT_CONVERSION = YES_AGGRESSIVE;
				CLANG_CXX_LANGUAGE_STANDARD = "gnu++14";
				CLANG_CXX_LIBRARY = "libc++";
				CLANG_ENABLE_MODULES = YES;
				CLANG_ENABLE_OBJC_ARC = YES;
				CLANG_WARN_BLOCK_CAPTURE_AUTORELEASING = YES;
				CLANG_WARN_BOOL_CONVERSION = YES;
				CLANG_WARN_COMMA = YES;
				CLANG_WARN_CONSTANT_CONVERSION = YES;
				CLANG_WARN_DIRECT_OBJC_ISA_USAGE = YES_ERROR;
				CLANG_WARN_DOCUMENTATION_COMMENTS = YES;
				CLANG_WARN_EMPTY_BODY = YES;
				CLANG_WARN_ENUM_CONVERSION = YES;
				CLANG_WARN_INFINITE_RECURSION = YES;
				CLANG_WARN_INT_CONVERSION = YES;
				CLANG_WARN_NON_LITERAL_NULL_CONVERSION = YES;
				CLANG_WARN_OBJC_LITERAL_CONVERSION = YES;
				CLANG_WARN_OBJC_ROOT_CLASS = YES_ERROR;
				CLANG_WARN_RANGE_LOOP_ANALYSIS = YES;
				CLANG_WARN_STRICT_PROTOTYPES = YES;
				CLANG_WARN_SUSPICIOUS_MOVE = YES;
				CLANG_WARN_UNGUARDED_AVAILABILITY = YES_AGGRESSIVE;
				CLANG_WARN_UNREACHABLE_CODE = YES;
				CLANG_WARN__DUPLICATE_METHOD_MATCH = YES;
				CODE_SIGN_IDENTITY = "iPhone Developer";
				COPY_PHASE_STRIP = NO;
				DEBUG_INFORMATION_FORMAT = "dwarf-with-dsym";
				ENABLE_NS_ASSERTIONS = NO;
				ENABLE_STRICT_OBJC_MSGSEND = YES;
				GCC_C_LANGUAGE_STANDARD = gnu11;
				GCC_NO_COMMON_BLOCKS = YES;
				GCC_WARN_64_TO_32_BIT_CONVERSION = YES;
				GCC_WARN_ABOUT_RETURN_TYPE = YES_ERROR;
				GCC_WARN_UNDECLARED_SELECTOR = YES;
				GCC_WARN_UNINITIALIZED_AUTOS = YES_AGGRESSIVE;
				GCC_WARN_UNUSED_FUNCTION = YES;
				GCC_WARN_UNUSED_VARIABLE = YES;
				IPHONEOS_DEPLOYMENT_TARGET = 11.2;
				MTL_ENABLE_DEBUG_INFO = NO;
				SDKROOT = iphoneos;
				SWIFT_OPTIMIZATION_LEVEL = "-Owholemodule";
				VALIDATE_PRODUCT = YES;
			};
			name = Release;
		};
		3086323F205D10A400CB4A80 /* Debug */ = {
			isa = XCBuildConfiguration;
			buildSettings = {
				ASSETCATALOG_COMPILER_APPICON_NAME = AppIcon;
				CODE_SIGN_STYLE = Automatic;
				DEVELOPMENT_TEAM = QUJRFZ59AR;
				INFOPLIST_FILE = Concentaraition/Info.plist;
				LD_RUNPATH_SEARCH_PATHS = "$(inherited) @executable_path/Frameworks";
				PRODUCT_BUNDLE_IDENTIFIER = guilan.rad.Concentaraition;
				PRODUCT_NAME = "$(TARGET_NAME)";
				SWIFT_VERSION = 4.0;
				TARGETED_DEVICE_FAMILY = "1,2";
			};
			name = Debug;
		};
		30863240205D10A400CB4A80 /* Release */ = {
			isa = XCBuildConfiguration;
			buildSettings = {
				ASSETCATALOG_COMPILER_APPICON_NAME = AppIcon;
				CODE_SIGN_STYLE = Automatic;
				DEVELOPMENT_TEAM = QUJRFZ59AR;
				INFOPLIST_FILE = Concentaraition/Info.plist;
				LD_RUNPATH_SEARCH_PATHS = "$(inherited) @executable_path/Frameworks";
				PRODUCT_BUNDLE_IDENTIFIER = guilan.rad.Concentaraition;
				PRODUCT_NAME = "$(TARGET_NAME)";
				SWIFT_VERSION = 4.0;
				TARGETED_DEVICE_FAMILY = "1,2";
			};
			name = Release;
		};
/* End XCBuildConfiguration section */

/* Begin XCConfigurationList section */
		30863224205D10A400CB4A80 /* Build configuration list for PBXProject "Concentaraition" */ = {
			isa = XCConfigurationList;
			buildConfigurations = (
				3086323C205D10A400CB4A80 /* Debug */,
				3086323D205D10A400CB4A80 /* Release */,
			);
			defaultConfigurationIsVisible = 0;
			defaultConfigurationName = Release;
		};
		3086323E205D10A400CB4A80 /* Build configuration list for PBXNativeTarget "Concentaraition" */ = {
			isa = XCConfigurationList;
			buildConfigurations = (
				3086323F205D10A400CB4A80 /* Debug */,
				30863240205D10A400CB4A80 /* Release */,
			);
			defaultConfigurationIsVisible = 0;
			defaultConfigurationName = Release;
		};
/* End XCConfigurationList section */

/* Begin XCVersionGroup section */
		30863233205D10A400CB4A80 /* Concentaraition.xcdatamodeld */ = {
			isa = XCVersionGroup;
			children = (
				30863234205D10A400CB4A80 /* Concentaraition.xcdatamodel */,
			);
			currentVersion = 30863234205D10A400CB4A80 /* Concentaraition.xcdatamodel */;
			path = Concentaraition.xcdatamodeld;
			sourceTree = "<group>";
			versionGroupType = wrapper.xcdatamodel;
		};
/* End XCVersionGroup section */
	};
	rootObject = 30863221205D10A400CB4A80 /* Project object */;
}
